
Microsoft Visual Studio Solution File, Format Version 12.00
# Visual Studio 15
VisualStudioVersion = 15.0.27703.2035
MinimumVisualStudioVersion = 10.0.40219.1
Project("{FAE04EC0-301F-11D3-BF4B-00C04F79EFBC}") = "InfinibeatsCSharp", "InfinibeatsCSharp.csproj", "{F7880893-D241-48D0-A309-4858C6A16258}"
EndProject
Global
	GlobalSection(SolutionConfigurationPlatforms) = preSolution
		Debug|Any CPU = Debug|Any CPU
		Release|Any CPU = Release|Any CPU
	EndGlobalSection
	GlobalSection(ProjectConfigurationPlatforms) = postSolution
		{F7880893-D241-48D0-A309-4858C6A16258}.Debug|Any CPU.ActiveCfg = Debug|Any CPU
		{F7880893-D241-48D0-A309-4858C6A16258}.Debug|Any CPU.Build.0 = Debug|Any CPU
		{F7880893-D241-48D0-A309-4858C6A16258}.Release|Any CPU.ActiveCfg = Release|Any CPU
		{F7880893-D241-48D0-A309-4858C6A16258}.Release|Any CPU.Build.0 = Release|Any CPU
	EndGlobalSection
	GlobalSection(SolutionProperties) = preSolution
		HideSolutionNode = FALSE
	EndGlobalSection
	GlobalSection(ExtensibilityGlobals) = postSolution
		SolutionGuid = {E6E98FBB-9144-4CDE-8E92-108D8F7C534F}
	EndGlobalSection
EndGlobal
